
Microsoft Visual Studio Solution File, Format Version 12.00
# Visual Studio Version 16
VisualStudioVersion = 16.0.30114.105
MinimumVisualStudioVersion = 10.0.40219.1
Project("{FAE04EC0-301F-11D3-BF4B-00C04F79EFBC}") = "HelloWorld", "HelloWorld\HelloWorld.csproj", "{06F458DF-77DB-4040-B8C2-ED10237A632B}"
EndProject
Project("{FAE04EC0-301F-11D3-BF4B-00C04F79EFBC}") = "lab2_Rotation", "lab2_Rotation\lab2_Rotation.csproj", "{0A3C43AD-61CD-4B3F-B072-59064D5058D9}"
EndProject
Project("{FAE04EC0-301F-11D3-BF4B-00C04F79EFBC}") = "lab3", "lab3\lab3.csproj", "{63B895D0-80E5-4CEC-AE70-195DD1FA56F4}"
EndProject
Project("{FAE04EC0-301F-11D3-BF4B-00C04F79EFBC}") = "lab4", "lab4\lab4.csproj", "{944AB189-0D3D-4F75-A9F9-70ACC251EAF8}"
EndProject
Project("{FAE04EC0-301F-11D3-BF4B-00C04F79EFBC}") = "project_nx", "project_nx\project_nx.csproj", "{5EC09000-C384-4250-A9F5-05BC24B6BE4A}"
EndProject
Global
	GlobalSection(SolutionConfigurationPlatforms) = preSolution
		Debug|Any CPU = Debug|Any CPU
		Release|Any CPU = Release|Any CPU
	EndGlobalSection
	GlobalSection(ProjectConfigurationPlatforms) = postSolution
		{06F458DF-77DB-4040-B8C2-ED10237A632B}.Debug|Any CPU.ActiveCfg = Debug|Any CPU
		{06F458DF-77DB-4040-B8C2-ED10237A632B}.Debug|Any CPU.Build.0 = Debug|Any CPU
		{06F458DF-77DB-4040-B8C2-ED10237A632B}.Release|Any CPU.ActiveCfg = Release|Any CPU
		{06F458DF-77DB-4040-B8C2-ED10237A632B}.Release|Any CPU.Build.0 = Release|Any CPU
		{0A3C43AD-61CD-4B3F-B072-59064D5058D9}.Debug|Any CPU.ActiveCfg = Debug|Any CPU
		{0A3C43AD-61CD-4B3F-B072-59064D5058D9}.Debug|Any CPU.Build.0 = Debug|Any CPU
		{0A3C43AD-61CD-4B3F-B072-59064D5058D9}.Release|Any CPU.ActiveCfg = Release|Any CPU
		{0A3C43AD-61CD-4B3F-B072-59064D5058D9}.Release|Any CPU.Build.0 = Release|Any CPU
		{63B895D0-80E5-4CEC-AE70-195DD1FA56F4}.Debug|Any CPU.ActiveCfg = Debug|Any CPU
		{63B895D0-80E5-4CEC-AE70-195DD1FA56F4}.Debug|Any CPU.Build.0 = Debug|Any CPU
		{63B895D0-80E5-4CEC-AE70-195DD1FA56F4}.Release|Any CPU.ActiveCfg = Release|Any CPU
		{63B895D0-80E5-4CEC-AE70-195DD1FA56F4}.Release|Any CPU.Build.0 = Release|Any CPU
		{944AB189-0D3D-4F75-A9F9-70ACC251EAF8}.Debug|Any CPU.ActiveCfg = Debug|Any CPU
		{944AB189-0D3D-4F75-A9F9-70ACC251EAF8}.Debug|Any CPU.Build.0 = Debug|Any CPU
		{944AB189-0D3D-4F75-A9F9-70ACC251EAF8}.Release|Any CPU.ActiveCfg = Release|Any CPU
		{944AB189-0D3D-4F75-A9F9-70ACC251EAF8}.Release|Any CPU.Build.0 = Release|Any CPU
		{5EC09000-C384-4250-A9F5-05BC24B6BE4A}.Debug|Any CPU.ActiveCfg = Debug|Any CPU
		{5EC09000-C384-4250-A9F5-05BC24B6BE4A}.Debug|Any CPU.Build.0 = Debug|Any CPU
		{5EC09000-C384-4250-A9F5-05BC24B6BE4A}.Release|Any CPU.ActiveCfg = Release|Any CPU
		{5EC09000-C384-4250-A9F5-05BC24B6BE4A}.Release|Any CPU.Build.0 = Release|Any CPU
	EndGlobalSection
	GlobalSection(SolutionProperties) = preSolution
		HideSolutionNode = FALSE
	EndGlobalSection
	GlobalSection(ExtensibilityGlobals) = postSolution
		SolutionGuid = {92329D12-B2B4-4142-AEC8-184E6D09F01C}
	EndGlobalSection
EndGlobal
